// !$*UTF8*$!
{
	archiveVersion = 1;
	classes = {
	};
	objectVersion = 50;
	objects = {

/* Begin PBXBuildFile section */
		10CBBE8D245323F80005ED30 /* AppDelegate.swift in Sources */ = {isa = PBXBuildFile; fileRef = 10CBBE8C245323F80005ED30 /* AppDelegate.swift */; };
		10CBBE8F245323F80005ED30 /* SceneDelegate.swift in Sources */ = {isa = PBXBuildFile; fileRef = 10CBBE8E245323F80005ED30 /* SceneDelegate.swift */; };
		10CBBE91245323F80005ED30 /* ContentView.swift in Sources */ = {isa = PBXBuildFile; fileRef = 10CBBE90245323F80005ED30 /* ContentView.swift */; };
		10CBBE93245323FD0005ED30 /* Assets.xcassets in Resources */ = {isa = PBXBuildFile; fileRef = 10CBBE92245323FD0005ED30 /* Assets.xcassets */; };
		10CBBE96245323FD0005ED30 /* Preview Assets.xcassets in Resources */ = {isa = PBXBuildFile; fileRef = 10CBBE95245323FD0005ED30 /* Preview Assets.xcassets */; };
		10CBBE99245323FD0005ED30 /* LaunchScreen.storyboard in Resources */ = {isa = PBXBuildFile; fileRef = 10CBBE97245323FD0005ED30 /* LaunchScreen.storyboard */; };
/* End PBXBuildFile section */

/* Begin PBXFileReference section */
		10CBBE89245323F80005ED30 /* ToddlerMathWizard.app */ = {isa = PBXFileReference; explicitFileType = wrapper.application; includeInIndex = 0; path = ToddlerMathWizard.app; sourceTree = BUILT_PRODUCTS_DIR; };
		10CBBE8C245323F80005ED30 /* AppDelegate.swift */ = {isa = PBXFileReference; lastKnownFileType = sourcecode.swift; path = AppDelegate.swift; sourceTree = "<group>"; };
		10CBBE8E245323F80005ED30 /* SceneDelegate.swift */ = {isa = PBXFileReference; lastKnownFileType = sourcecode.swift; path = SceneDelegate.swift; sourceTree = "<group>"; };
		10CBBE90245323F80005ED30 /* ContentView.swift */ = {isa = PBXFileReference; lastKnownFileType = sourcecode.swift; path = ContentView.swift; sourceTree = "<group>"; };
		10CBBE92245323FD0005ED30 /* Assets.xcassets */ = {isa = PBXFileReference; lastKnownFileType = folder.assetcatalog; path = Assets.xcassets; sourceTree = "<group>"; };
		10CBBE95245323FD0005ED30 /* Preview Assets.xcassets */ = {isa = PBXFileReference; lastKnownFileType = folder.assetcatalog; path = "Preview Assets.xcassets"; sourceTree = "<group>"; };
		10CBBE98245323FD0005ED30 /* Base */ = {isa = PBXFileReference; lastKnownFileType = file.storyboard; name = Base; path = Base.lproj/LaunchScreen.storyboard; sourceTree = "<group>"; };
		10CBBE9A245323FD0005ED30 /* Info.plist */ = {isa = PBXFileReference; lastKnownFileType = text.plist.xml; path = Info.plist; sourceTree = "<group>"; };
/* End PBXFileReference section */

/* Begin PBXFrameworksBuildPhase section */
		10CBBE86245323F80005ED30 /* Frameworks */ = {
			isa = PBXFrameworksBuildPhase;
			buildActionMask = 2147483647;
			files = (
			);
			runOnlyForDeploymentPostprocessing = 0;
		};
/* End PBXFrameworksBuildPhase section */

/* Begin PBXGroup section */
		10CBBE80245323F80005ED30 = {
			isa = PBXGroup;
			children = (
				10CBBE8B245323F80005ED30 /* ToddlerMathWizard */,
				10CBBE8A245323F80005ED30 /* Products */,
			);
			sourceTree = "<group>";
		};
		10CBBE8A245323F80005ED30 /* Products */ = {
			isa = PBXGroup;
			children = (
				10CBBE89245323F80005ED30 /* ToddlerMathWizard.app */,
			);
			name = Products;
			sourceTree = "<group>";
		};
		10CBBE8B245323F80005ED30 /* ToddlerMathWizard */ = {
			isa = PBXGroup;
			children = (
				10CBBE8C245323F80005ED30 /* AppDelegate.swift */,
				10CBBE8E245323F80005ED30 /* SceneDelegate.swift */,
				10CBBE90245323F80005ED30 /* ContentView.swift */,
				10CBBE92245323FD0005ED30 /* Assets.xcassets */,
				10CBBE97245323FD0005ED30 /* LaunchScreen.storyboard */,
				10CBBE9A245323FD0005ED30 /* Info.plist */,
				10CBBE94245323FD0005ED30 /* Preview Content */,
			);
			path = ToddlerMathWizard;
			sourceTree = "<group>";
		};
		10CBBE94245323FD0005ED30 /* Preview Content */ = {
			isa = PBXGroup;
			children = (
				10CBBE95245323FD0005ED30 /* Preview Assets.xcassets */,
			);
			path = "Preview Content";
			sourceTree = "<group>";
		};
/* End PBXGroup section */

/* Begin PBXNativeTarget section */
		10CBBE88245323F80005ED30 /* ToddlerMathWizard */ = {
			isa = PBXNativeTarget;
			buildConfigurationList = 10CBBE9D245323FD0005ED30 /* Build configuration list for PBXNativeTarget "ToddlerMathWizard" */;
			buildPhases = (
				10CBBE85245323F80005ED30 /* Sources */,
				10CBBE86245323F80005ED30 /* Frameworks */,
				10CBBE87245323F80005ED30 /* Resources */,
			);
			buildRules = (
			);
			dependencies = (
			);
			name = ToddlerMathWizard;
			productName = ToddlerMathWizard;
			productReference = 10CBBE89245323F80005ED30 /* ToddlerMathWizard.app */;
			productType = "com.apple.product-type.application";
		};
/* End PBXNativeTarget section */

/* Begin PBXProject section */
		10CBBE81245323F80005ED30 /* Project object */ = {
			isa = PBXProject;
			attributes = {
				LastSwiftUpdateCheck = 1130;
				LastUpgradeCheck = 1130;
				ORGANIZATIONNAME = "Lance Kent Briones";
				TargetAttributes = {
					10CBBE88245323F80005ED30 = {
						CreatedOnToolsVersion = 11.3.1;
					};
				};
			};
			buildConfigurationList = 10CBBE84245323F80005ED30 /* Build configuration list for PBXProject "ToddlerMathWizard" */;
			compatibilityVersion = "Xcode 9.3";
			developmentRegion = en;
			hasScannedForEncodings = 0;
			knownRegions = (
				en,
				Base,
			);
			mainGroup = 10CBBE80245323F80005ED30;
			productRefGroup = 10CBBE8A245323F80005ED30 /* Products */;
			projectDirPath = "";
			projectRoot = "";
			targets = (
				10CBBE88245323F80005ED30 /* ToddlerMathWizard */,
			);
		};
/* End PBXProject section */

/* Begin PBXResourcesBuildPhase section */
		10CBBE87245323F80005ED30 /* Resources */ = {
			isa = PBXResourcesBuildPhase;
			buildActionMask = 2147483647;
			files = (
				10CBBE99245323FD0005ED30 /* LaunchScreen.storyboard in Resources */,
				10CBBE96245323FD0005ED30 /* Preview Assets.xcassets in Resources */,
				10CBBE93245323FD0005ED30 /* Assets.xcassets in Resources */,
			);
			runOnlyForDeploymentPostprocessing = 0;
		};
/* End PBXResourcesBuildPhase section */

/* Begin PBXSourcesBuildPhase section */
		10CBBE85245323F80005ED30 /* Sources */ = {
			isa = PBXSourcesBuildPhase;
			buildActionMask = 2147483647;
			files = (
				10CBBE8D245323F80005ED30 /* AppDelegate.swift in Sources */,
				10CBBE8F245323F80005ED30 /* SceneDelegate.swift in Sources */,
				10CBBE91245323F80005ED30 /* ContentView.swift in Sources */,
			);
			runOnlyForDeploymentPostprocessing = 0;
		};
/* End PBXSourcesBuildPhase section */

/* Begin PBXVariantGroup section */
		10CBBE97245323FD0005ED30 /* LaunchScreen.storyboard */ = {
			isa = PBXVariantGroup;
			children = (
				10CBBE98245323FD0005ED30 /* Base */,
			);
			name = LaunchScreen.storyboard;
			sourceTree = "<group>";
		};
/* End PBXVariantGroup section */

/* Begin XCBuildConfiguration section */
		10CBBE9B245323FD0005ED30 /* Debug */ = {
			isa = XCBuildConfiguration;
			buildSettings = {
				ALWAYS_SEARCH_USER_PATHS = NO;
				CLANG_ANALYZER_NONNULL = YES;
				CLANG_ANALYZER_NUMBER_OBJECT_CONVERSION = YES_AGGRESSIVE;
				CLANG_CXX_LANGUAGE_STANDARD = "gnu++14";
				CLANG_CXX_LIBRARY = "libc++";
				CLANG_ENABLE_MODULES = YES;
				CLANG_ENABLE_OBJC_ARC = YES;
				CLANG_ENABLE_OBJC_WEAK = YES;
				CLANG_WARN_BLOCK_CAPTURE_AUTORELEASING = YES;
				CLANG_WARN_BOOL_CONVERSION = YES;
				CLANG_WARN_COMMA = YES;
				CLANG_WARN_CONSTANT_CONVERSION = YES;
				CLANG_WARN_DEPRECATED_OBJC_IMPLEMENTATIONS = YES;
				CLANG_WARN_DIRECT_OBJC_ISA_USAGE = YES_ERROR;
				CLANG_WARN_DOCUMENTATION_COMMENTS = YES;
				CLANG_WARN_EMPTY_BODY = YES;
				CLANG_WARN_ENUM_CONVERSION = YES;
				CLANG_WARN_INFINITE_RECURSION = YES;
				CLANG_WARN_INT_CONVERSION = YES;
				CLANG_WARN_NON_LITERAL_NULL_CONVERSION = YES;
				CLANG_WARN_OBJC_IMPLICIT_RETAIN_SELF = YES;
				CLANG_WARN_OBJC_LITERAL_CONVERSION = YES;
				CLANG_WARN_OBJC_ROOT_CLASS = YES_ERROR;
				CLANG_WARN_RANGE_LOOP_ANALYSIS = YES;
				CLANG_WARN_STRICT_PROTOTYPES = YES;
				CLANG_WARN_SUSPICIOUS_MOVE = YES;
				CLANG_WARN_UNGUARDED_AVAILABILITY = YES_AGGRESSIVE;
				CLANG_WARN_UNREACHABLE_CODE = YES;
				CLANG_WARN__DUPLICATE_METHOD_MATCH = YES;
				COPY_PHASE_STRIP = NO;
				DEBUG_INFORMATION_FORMAT = dwarf;
				ENABLE_STRICT_OBJC_MSGSEND = YES;
				ENABLE_TESTABILITY = YES;
				GCC_C_LANGUAGE_STANDARD = gnu11;
				GCC_DYNAMIC_NO_PIC = NO;
				GCC_NO_COMMON_BLOCKS = YES;
				GCC_OPTIMIZATION_LEVEL = 0;
				GCC_PREPROCESSOR_DEFINITIONS = (
					"DEBUG=1",
					"$(inherited)",
				);
				GCC_WARN_64_TO_32_BIT_CONVERSION = YES;
				GCC_WARN_ABOUT_RETURN_TYPE = YES_ERROR;
				GCC_WARN_UNDECLARED_SELECTOR = YES;
				GCC_WARN_UNINITIALIZED_AUTOS = YES_AGGRESSIVE;
				GCC_WARN_UNUSED_FUNCTION = YES;
				GCC_WARN_UNUSED_VARIABLE = YES;
				IPHONEOS_DEPLOYMENT_TARGET = 13.2;
				MTL_ENABLE_DEBUG_INFO = INCLUDE_SOURCE;
				MTL_FAST_MATH = YES;
				ONLY_ACTIVE_ARCH = YES;
				SDKROOT = iphoneos;
				SWIFT_ACTIVE_COMPILATION_CONDITIONS = DEBUG;
				SWIFT_OPTIMIZATION_LEVEL = "-Onone";
			};
			name = Debug;
		};
		10CBBE9C245323FD0005ED30 /* Release */ = {
			isa = XCBuildConfiguration;
			buildSettings = {
				ALWAYS_SEARCH_USER_PATHS = NO;
				CLANG_ANALYZER_NONNULL = YES;
				CLANG_ANALYZER_NUMBER_OBJECT_CONVERSION = YES_AGGRESSIVE;
				CLANG_CXX_LANGUAGE_STANDARD = "gnu++14";
				CLANG_CXX_LIBRARY = "libc++";
				CLANG_ENABLE_MODULES = YES;
				CLANG_ENABLE_OBJC_ARC = YES;
				CLANG_ENABLE_OBJC_WEAK = YES;
				CLANG_WARN_BLOCK_CAPTURE_AUTORELEASING = YES;
				CLANG_WARN_BOOL_CONVERSION = YES;
				CLANG_WARN_COMMA = YES;
				CLANG_WARN_CONSTANT_CONVERSION = YES;
				CLANG_WARN_DEPRECATED_OBJC_IMPLEMENTATIONS = YES;
				CLANG_WARN_DIRECT_OBJC_ISA_USAGE = YES_ERROR;
				CLANG_WARN_DOCUMENTATION_COMMENTS = YES;
				CLANG_WARN_EMPTY_BODY = YES;
				CLANG_WARN_ENUM_CONVERSION = YES;
				CLANG_WARN_INFINITE_RECURSION = YES;
				CLANG_WARN_INT_CONVERSION = YES;
				CLANG_WARN_NON_LITERAL_NULL_CONVERSION = YES;
				CLANG_WARN_OBJC_IMPLICIT_RETAIN_SELF = YES;
				CLANG_WARN_OBJC_LITERAL_CONVERSION = YES;
				CLANG_WARN_OBJC_ROOT_CLASS = YES_ERROR;
				CLANG_WARN_RANGE_LOOP_ANALYSIS = YES;
				CLANG_WARN_STRICT_PROTOTYPES = YES;
				CLANG_WARN_SUSPICIOUS_MOVE = YES;
				CLANG_WARN_UNGUARDED_AVAILABILITY = YES_AGGRESSIVE;
				CLANG_WARN_UNREACHABLE_CODE = YES;
				CLANG_WARN__DUPLICATE_METHOD_MATCH = YES;
				COPY_PHASE_STRIP = NO;
				DEBUG_INFORMATION_FORMAT = "dwarf-with-dsym";
				ENABLE_NS_ASSERTIONS = NO;
				ENABLE_STRICT_OBJC_MSGSEND = YES;
				GCC_C_LANGUAGE_STANDARD = gnu11;
				GCC_NO_COMMON_BLOCKS = YES;
				GCC_WARN_64_TO_32_BIT_CONVERSION = YES;
				GCC_WARN_ABOUT_RETURN_TYPE = YES_ERROR;
				GCC_WARN_UNDECLARED_SELECTOR = YES;
				GCC_WARN_UNINITIALIZED_AUTOS = YES_AGGRESSIVE;
				GCC_WARN_UNUSED_FUNCTION = YES;
				GCC_WARN_UNUSED_VARIABLE = YES;
				IPHONEOS_DEPLOYMENT_TARGET = 13.2;
				MTL_ENABLE_DEBUG_INFO = NO;
				MTL_FAST_MATH = YES;
				SDKROOT = iphoneos;
				SWIFT_COMPILATION_MODE = wholemodule;
				SWIFT_OPTIMIZATION_LEVEL = "-O";
				VALIDATE_PRODUCT = YES;
			};
			name = Release;
		};
		10CBBE9E245323FD0005ED30 /* Debug */ = {
			isa = XCBuildConfiguration;
			buildSettings = {
				ASSETCATALOG_COMPILER_APPICON_NAME = AppIcon;
				CODE_SIGN_STYLE = Automatic;
				DEVELOPMENT_ASSET_PATHS = "\"ToddlerMathWizard/Preview Content\"";
				ENABLE_PREVIEWS = YES;
				INFOPLIST_FILE = ToddlerMathWizard/Info.plist;
				LD_RUNPATH_SEARCH_PATHS = (
					"$(inherited)",
					"@executable_path/Frameworks",
				);
				PRODUCT_BUNDLE_IDENTIFIER = "satorhho-com.github.ToddlerMathWizard";
				PRODUCT_NAME = "$(TARGET_NAME)";
				SWIFT_VERSION = 5.0;
				TARGETED_DEVICE_FAMILY = "1,2";
			};
			name = Debug;
		};
		10CBBE9F245323FD0005ED30 /* Release */ = {
			isa = XCBuildConfiguration;
			buildSettings = {
				ASSETCATALOG_COMPILER_APPICON_NAME = AppIcon;
				CODE_SIGN_STYLE = Automatic;
				DEVELOPMENT_ASSET_PATHS = "\"ToddlerMathWizard/Preview Content\"";
				ENABLE_PREVIEWS = YES;
				INFOPLIST_FILE = ToddlerMathWizard/Info.plist;
				LD_RUNPATH_SEARCH_PATHS = (
					"$(inherited)",
					"@executable_path/Frameworks",
				);
				PRODUCT_BUNDLE_IDENTIFIER = "satorhho-com.github.ToddlerMathWizard";
				PRODUCT_NAME = "$(TARGET_NAME)";
				SWIFT_VERSION = 5.0;
				TARGETED_DEVICE_FAMILY = "1,2";
			};
			name = Release;
		};
/* End XCBuildConfiguration section */

/* Begin XCConfigurationList section */
		10CBBE84245323F80005ED30 /* Build configuration list for PBXProject "ToddlerMathWizard" */ = {
			isa = XCConfigurationList;
			buildConfigurations = (
				10CBBE9B245323FD0005ED30 /* Debug */,
				10CBBE9C245323FD0005ED30 /* Release */,
			);
			defaultConfigurationIsVisible = 0;
			defaultConfigurationName = Release;
		};
		10CBBE9D245323FD0005ED30 /* Build configuration list for PBXNativeTarget "ToddlerMathWizard" */ = {
			isa = XCConfigurationList;
			buildConfigurations = (
				10CBBE9E245323FD0005ED30 /* Debug */,
				10CBBE9F245323FD0005ED30 /* Release */,
			);
			defaultConfigurationIsVisible = 0;
			defaultConfigurationName = Release;
		};
/* End XCConfigurationList section */
	};
	rootObject = 10CBBE81245323F80005ED30 /* Project object */;
}
